%{"dialyxir": {:hex, :dialyxir, "0.5.0", "5bc543f9c28ecd51b99cc1a685a3c2a1a93216990347f259406a910cf048d1d7", [:mix], [], "hexpm"},
  "earmark": {:hex, :earmark, "1.2.0", "bf1ce17aea43ab62f6943b97bd6e3dc032ce45d4f787504e3adf738e54b42f3a", [:mix], [], "hexpm"},
  "env_config": {:hex, :env_config, "0.1.0", "7ff17696787ff15ca59358d4770d32fe628eb06c46fa4682c009562388debdd2", [:mix], [], "hexpm"},
  "ex_doc": {:hex, :ex_doc, "0.15.1", "d5f9d588fd802152516fccfdb96d6073753f77314fcfee892b15b6724ca0d596", [:mix], [{:earmark, "~> 1.1", [hex: :earmark, repo: "hexpm", optional: false]}], "hexpm"},
  "fs": {:hex, :fs, "2.12.0", "ad631efacc9a5683c8eaa1b274e24fa64a1b8eb30747e9595b93bec7e492e25e", [:rebar3], [], "hexpm"},
  "junit_formatter": {:git, "https://github.com/victorolinasc/junit-formatter.git", "393a9de1e2903eb1ee565183f1f0b8df6bbbf7fa", []},
  "kafka_ex": {:hex, :kafka_ex, "0.8.0", "9161968e6d5881375f0c9cac6fa7b73f25c492d2d318b15f15ea2bee897fb13d", [:mix], [], "hexpm"},
  "kafka_impl": {:git, "https://github.com/avvo/kafka_impl.git", "4153fdc8a771c20b9fd7e63e94ad9d20843f5ff3", [branch: "process-tree"]},
  "mix_test_watch": {:hex, :mix_test_watch, "0.3.3", "70859889a8d1d43d1b75d69d87258a301f43209a17787cdb2bd9cab42adf271d", [:mix], [{:fs, "~> 2.12", [hex: :fs, repo: "hexpm", optional: false]}], "hexpm"}}
